// !$*UTF8*$!
{
	archiveVersion = 1;
	classes = {
	};
	objectVersion = 48;
	objects = {

/* Begin PBXBuildFile section */
		52215B532007F6CF0002CEE2 /* AppDelegate.swift in Sources */ = {isa = PBXBuildFile; fileRef = 52215B522007F6CF0002CEE2 /* AppDelegate.swift */; };
		52215B552007F6CF0002CEE2 /* LoginFormViewController.swift in Sources */ = {isa = PBXBuildFile; fileRef = 52215B542007F6CF0002CEE2 /* LoginFormViewController.swift */; };
		52215B582007F6CF0002CEE2 /* Main.storyboard in Resources */ = {isa = PBXBuildFile; fileRef = 52215B562007F6CF0002CEE2 /* Main.storyboard */; };
		52215B5A2007F6CF0002CEE2 /* Assets.xcassets in Resources */ = {isa = PBXBuildFile; fileRef = 52215B592007F6CF0002CEE2 /* Assets.xcassets */; };
		52215B5D2007F6CF0002CEE2 /* LaunchScreen.storyboard in Resources */ = {isa = PBXBuildFile; fileRef = 52215B5B2007F6CF0002CEE2 /* LaunchScreen.storyboard */; };
		741613F420990AD600DACD79 /* VkUser.swift in Sources */ = {isa = PBXBuildFile; fileRef = 741613F320990AD600DACD79 /* VkUser.swift */; };
		741613F620990B1300DACD79 /* VkGroup.swift in Sources */ = {isa = PBXBuildFile; fileRef = 741613F520990B1300DACD79 /* VkGroup.swift */; };
		741613F820990B4200DACD79 /* VkDataProvider.swift in Sources */ = {isa = PBXBuildFile; fileRef = 741613F720990B4200DACD79 /* VkDataProvider.swift */; };
		741613FA209CFBD000DACD79 /* FriendListController.swift in Sources */ = {isa = PBXBuildFile; fileRef = 741613F9209CFBD000DACD79 /* FriendListController.swift */; };
		741613FC209CFD8A00DACD79 /* FriendListCell.swift in Sources */ = {isa = PBXBuildFile; fileRef = 741613FB209CFD8A00DACD79 /* FriendListCell.swift */; };
		741613FE209D06D500DACD79 /* FriendsFotosController.swift in Sources */ = {isa = PBXBuildFile; fileRef = 741613FD209D06D500DACD79 /* FriendsFotosController.swift */; };
		74161400209D081B00DACD79 /* FriendsFotosCell.swift in Sources */ = {isa = PBXBuildFile; fileRef = 741613FF209D081B00DACD79 /* FriendsFotosCell.swift */; };
		74161402209D9A0000DACD79 /* FriendFotoFioCell.swift in Sources */ = {isa = PBXBuildFile; fileRef = 74161401209D9A0000DACD79 /* FriendFotoFioCell.swift */; };
/* End PBXBuildFile section */

/* Begin PBXFileReference section */
		52215B4F2007F6CF0002CEE2 /* vkclient.app */ = {isa = PBXFileReference; explicitFileType = wrapper.application; includeInIndex = 0; path = vkclient.app; sourceTree = BUILT_PRODUCTS_DIR; };
		52215B522007F6CF0002CEE2 /* AppDelegate.swift */ = {isa = PBXFileReference; lastKnownFileType = sourcecode.swift; path = AppDelegate.swift; sourceTree = "<group>"; };
		52215B542007F6CF0002CEE2 /* LoginFormViewController.swift */ = {isa = PBXFileReference; lastKnownFileType = sourcecode.swift; path = LoginFormViewController.swift; sourceTree = "<group>"; };
		52215B572007F6CF0002CEE2 /* Base */ = {isa = PBXFileReference; lastKnownFileType = file.storyboard; name = Base; path = Base.lproj/Main.storyboard; sourceTree = "<group>"; };
		52215B592007F6CF0002CEE2 /* Assets.xcassets */ = {isa = PBXFileReference; lastKnownFileType = folder.assetcatalog; path = Assets.xcassets; sourceTree = "<group>"; };
		52215B5C2007F6CF0002CEE2 /* Base */ = {isa = PBXFileReference; lastKnownFileType = file.storyboard; name = Base; path = Base.lproj/LaunchScreen.storyboard; sourceTree = "<group>"; };
		52215B5E2007F6CF0002CEE2 /* Info.plist */ = {isa = PBXFileReference; lastKnownFileType = text.plist.xml; path = Info.plist; sourceTree = "<group>"; };
		741613F320990AD600DACD79 /* VkUser.swift */ = {isa = PBXFileReference; lastKnownFileType = sourcecode.swift; path = VkUser.swift; sourceTree = "<group>"; };
		741613F520990B1300DACD79 /* VkGroup.swift */ = {isa = PBXFileReference; lastKnownFileType = sourcecode.swift; path = VkGroup.swift; sourceTree = "<group>"; };
		741613F720990B4200DACD79 /* VkDataProvider.swift */ = {isa = PBXFileReference; lastKnownFileType = sourcecode.swift; path = VkDataProvider.swift; sourceTree = "<group>"; };
		741613F9209CFBD000DACD79 /* FriendListController.swift */ = {isa = PBXFileReference; lastKnownFileType = sourcecode.swift; path = FriendListController.swift; sourceTree = "<group>"; };
		741613FB209CFD8A00DACD79 /* FriendListCell.swift */ = {isa = PBXFileReference; lastKnownFileType = sourcecode.swift; path = FriendListCell.swift; sourceTree = "<group>"; };
		741613FD209D06D500DACD79 /* FriendsFotosController.swift */ = {isa = PBXFileReference; lastKnownFileType = sourcecode.swift; path = FriendsFotosController.swift; sourceTree = "<group>"; };
		741613FF209D081B00DACD79 /* FriendsFotosCell.swift */ = {isa = PBXFileReference; lastKnownFileType = sourcecode.swift; path = FriendsFotosCell.swift; sourceTree = "<group>"; };
		74161401209D9A0000DACD79 /* FriendFotoFioCell.swift */ = {isa = PBXFileReference; lastKnownFileType = sourcecode.swift; path = FriendFotoFioCell.swift; sourceTree = "<group>"; };
/* End PBXFileReference section */

/* Begin PBXFrameworksBuildPhase section */
		52215B4C2007F6CF0002CEE2 /* Frameworks */ = {
			isa = PBXFrameworksBuildPhase;
			buildActionMask = 2147483647;
			files = (
			);
			runOnlyForDeploymentPostprocessing = 0;
		};
/* End PBXFrameworksBuildPhase section */

/* Begin PBXGroup section */
		52215B462007F6CF0002CEE2 = {
			isa = PBXGroup;
			children = (
				52215B512007F6CF0002CEE2 /* vkclient */,
				52215B502007F6CF0002CEE2 /* Products */,
			);
			sourceTree = "<group>";
		};
		52215B502007F6CF0002CEE2 /* Products */ = {
			isa = PBXGroup;
			children = (
				52215B4F2007F6CF0002CEE2 /* vkclient.app */,
			);
			name = Products;
			sourceTree = "<group>";
		};
		52215B512007F6CF0002CEE2 /* vkclient */ = {
			isa = PBXGroup;
			children = (
				74886CE02091CB25008B7290 /* controller */,
				74886CDF2091CB18008B7290 /* view */,
				74886CDE2091CB0C008B7290 /* model */,
				52215B522007F6CF0002CEE2 /* AppDelegate.swift */,
				52215B592007F6CF0002CEE2 /* Assets.xcassets */,
				52215B5E2007F6CF0002CEE2 /* Info.plist */,
			);
			path = vkclient;
			sourceTree = "<group>";
		};
		74886CDE2091CB0C008B7290 /* model */ = {
			isa = PBXGroup;
			children = (
				741613F320990AD600DACD79 /* VkUser.swift */,
				741613F520990B1300DACD79 /* VkGroup.swift */,
				741613F720990B4200DACD79 /* VkDataProvider.swift */,
			);
			path = model;
			sourceTree = "<group>";
		};
		74886CDF2091CB18008B7290 /* view */ = {
			isa = PBXGroup;
			children = (
				52215B5B2007F6CF0002CEE2 /* LaunchScreen.storyboard */,
				52215B562007F6CF0002CEE2 /* Main.storyboard */,
				741613FB209CFD8A00DACD79 /* FriendListCell.swift */,
				741613FF209D081B00DACD79 /* FriendsFotosCell.swift */,
				74161401209D9A0000DACD79 /* FriendFotoFioCell.swift */,
			);
			path = view;
			sourceTree = "<group>";
		};
		74886CE02091CB25008B7290 /* controller */ = {
			isa = PBXGroup;
			children = (
				52215B542007F6CF0002CEE2 /* LoginFormViewController.swift */,
				741613F9209CFBD000DACD79 /* FriendListController.swift */,
				741613FD209D06D500DACD79 /* FriendsFotosController.swift */,
			);
			path = controller;
			sourceTree = "<group>";
		};
/* End PBXGroup section */

/* Begin PBXNativeTarget section */
		52215B4E2007F6CF0002CEE2 /* vkclient */ = {
			isa = PBXNativeTarget;
			buildConfigurationList = 52215B612007F6CF0002CEE2 /* Build configuration list for PBXNativeTarget "vkclient" */;
			buildPhases = (
				52215B4B2007F6CF0002CEE2 /* Sources */,
				52215B4C2007F6CF0002CEE2 /* Frameworks */,
				52215B4D2007F6CF0002CEE2 /* Resources */,
			);
			buildRules = (
			);
			dependencies = (
			);
			name = vkclient;
			productName = vkclient;
			productReference = 52215B4F2007F6CF0002CEE2 /* vkclient.app */;
			productType = "com.apple.product-type.application";
		};
/* End PBXNativeTarget section */

/* Begin PBXProject section */
		52215B472007F6CF0002CEE2 /* Project object */ = {
			isa = PBXProject;
			attributes = {
				LastSwiftUpdateCheck = 0920;
				LastUpgradeCheck = 0920;
				ORGANIZATIONNAME = mif;
				TargetAttributes = {
					52215B4E2007F6CF0002CEE2 = {
						CreatedOnToolsVersion = 9.2;
						ProvisioningStyle = Automatic;
					};
				};
			};
			buildConfigurationList = 52215B4A2007F6CF0002CEE2 /* Build configuration list for PBXProject "vkclient" */;
			compatibilityVersion = "Xcode 8.0";
			developmentRegion = en;
			hasScannedForEncodings = 0;
			knownRegions = (
				en,
				Base,
			);
			mainGroup = 52215B462007F6CF0002CEE2;
			productRefGroup = 52215B502007F6CF0002CEE2 /* Products */;
			projectDirPath = "";
			projectRoot = "";
			targets = (
				52215B4E2007F6CF0002CEE2 /* vkclient */,
			);
		};
/* End PBXProject section */

/* Begin PBXResourcesBuildPhase section */
		52215B4D2007F6CF0002CEE2 /* Resources */ = {
			isa = PBXResourcesBuildPhase;
			buildActionMask = 2147483647;
			files = (
				52215B5D2007F6CF0002CEE2 /* LaunchScreen.storyboard in Resources */,
				52215B5A2007F6CF0002CEE2 /* Assets.xcassets in Resources */,
				52215B582007F6CF0002CEE2 /* Main.storyboard in Resources */,
			);
			runOnlyForDeploymentPostprocessing = 0;
		};
/* End PBXResourcesBuildPhase section */

/* Begin PBXSourcesBuildPhase section */
		52215B4B2007F6CF0002CEE2 /* Sources */ = {
			isa = PBXSourcesBuildPhase;
			buildActionMask = 2147483647;
			files = (
				741613F820990B4200DACD79 /* VkDataProvider.swift in Sources */,
				741613FE209D06D500DACD79 /* FriendsFotosController.swift in Sources */,
				741613F420990AD600DACD79 /* VkUser.swift in Sources */,
				74161400209D081B00DACD79 /* FriendsFotosCell.swift in Sources */,
				52215B552007F6CF0002CEE2 /* LoginFormViewController.swift in Sources */,
				741613FA209CFBD000DACD79 /* FriendListController.swift in Sources */,
				74161402209D9A0000DACD79 /* FriendFotoFioCell.swift in Sources */,
				741613F620990B1300DACD79 /* VkGroup.swift in Sources */,
				741613FC209CFD8A00DACD79 /* FriendListCell.swift in Sources */,
				52215B532007F6CF0002CEE2 /* AppDelegate.swift in Sources */,
			);
			runOnlyForDeploymentPostprocessing = 0;
		};
/* End PBXSourcesBuildPhase section */

/* Begin PBXVariantGroup section */
		52215B562007F6CF0002CEE2 /* Main.storyboard */ = {
			isa = PBXVariantGroup;
			children = (
				52215B572007F6CF0002CEE2 /* Base */,
			);
			name = Main.storyboard;
			sourceTree = "<group>";
		};
		52215B5B2007F6CF0002CEE2 /* LaunchScreen.storyboard */ = {
			isa = PBXVariantGroup;
			children = (
				52215B5C2007F6CF0002CEE2 /* Base */,
			);
			name = LaunchScreen.storyboard;
			sourceTree = "<group>";
		};
/* End PBXVariantGroup section */

/* Begin XCBuildConfiguration section */
		52215B5F2007F6CF0002CEE2 /* Debug */ = {
			isa = XCBuildConfiguration;
			buildSettings = {
				ALWAYS_SEARCH_USER_PATHS = NO;
				CLANG_ANALYZER_NONNULL = YES;
				CLANG_ANALYZER_NUMBER_OBJECT_CONVERSION = YES_AGGRESSIVE;
				CLANG_CXX_LANGUAGE_STANDARD = "gnu++14";
				CLANG_CXX_LIBRARY = "libc++";
				CLANG_ENABLE_MODULES = YES;
				CLANG_ENABLE_OBJC_ARC = YES;
				CLANG_WARN_BLOCK_CAPTURE_AUTORELEASING = YES;
				CLANG_WARN_BOOL_CONVERSION = YES;
				CLANG_WARN_COMMA = YES;
				CLANG_WARN_CONSTANT_CONVERSION = YES;
				CLANG_WARN_DIRECT_OBJC_ISA_USAGE = YES_ERROR;
				CLANG_WARN_DOCUMENTATION_COMMENTS = YES;
				CLANG_WARN_EMPTY_BODY = YES;
				CLANG_WARN_ENUM_CONVERSION = YES;
				CLANG_WARN_INFINITE_RECURSION = YES;
				CLANG_WARN_INT_CONVERSION = YES;
				CLANG_WARN_NON_LITERAL_NULL_CONVERSION = YES;
				CLANG_WARN_OBJC_LITERAL_CONVERSION = YES;
				CLANG_WARN_OBJC_ROOT_CLASS = YES_ERROR;
				CLANG_WARN_RANGE_LOOP_ANALYSIS = YES;
				CLANG_WARN_STRICT_PROTOTYPES = YES;
				CLANG_WARN_SUSPICIOUS_MOVE = YES;
				CLANG_WARN_UNGUARDED_AVAILABILITY = YES_AGGRESSIVE;
				CLANG_WARN_UNREACHABLE_CODE = YES;
				CLANG_WARN__DUPLICATE_METHOD_MATCH = YES;
				CODE_SIGN_IDENTITY = "iPhone Developer";
				COPY_PHASE_STRIP = NO;
				DEBUG_INFORMATION_FORMAT = dwarf;
				ENABLE_STRICT_OBJC_MSGSEND = YES;
				ENABLE_TESTABILITY = YES;
				GCC_C_LANGUAGE_STANDARD = gnu11;
				GCC_DYNAMIC_NO_PIC = NO;
				GCC_NO_COMMON_BLOCKS = YES;
				GCC_OPTIMIZATION_LEVEL = 0;
				GCC_PREPROCESSOR_DEFINITIONS = (
					"DEBUG=1",
					"$(inherited)",
				);
				GCC_WARN_64_TO_32_BIT_CONVERSION = YES;
				GCC_WARN_ABOUT_RETURN_TYPE = YES_ERROR;
				GCC_WARN_UNDECLARED_SELECTOR = YES;
				GCC_WARN_UNINITIALIZED_AUTOS = YES_AGGRESSIVE;
				GCC_WARN_UNUSED_FUNCTION = YES;
				GCC_WARN_UNUSED_VARIABLE = YES;
				IPHONEOS_DEPLOYMENT_TARGET = 11.2;
				MTL_ENABLE_DEBUG_INFO = YES;
				ONLY_ACTIVE_ARCH = YES;
				SDKROOT = iphoneos;
				SWIFT_ACTIVE_COMPILATION_CONDITIONS = DEBUG;
				SWIFT_OPTIMIZATION_LEVEL = "-Onone";
			};
			name = Debug;
		};
		52215B602007F6CF0002CEE2 /* Release */ = {
			isa = XCBuildConfiguration;
			buildSettings = {
				ALWAYS_SEARCH_USER_PATHS = NO;
				CLANG_ANALYZER_NONNULL = YES;
				CLANG_ANALYZER_NUMBER_OBJECT_CONVERSION = YES_AGGRESSIVE;
				CLANG_CXX_LANGUAGE_STANDARD = "gnu++14";
				CLANG_CXX_LIBRARY = "libc++";
				CLANG_ENABLE_MODULES = YES;
				CLANG_ENABLE_OBJC_ARC = YES;
				CLANG_WARN_BLOCK_CAPTURE_AUTORELEASING = YES;
				CLANG_WARN_BOOL_CONVERSION = YES;
				CLANG_WARN_COMMA = YES;
				CLANG_WARN_CONSTANT_CONVERSION = YES;
				CLANG_WARN_DIRECT_OBJC_ISA_USAGE = YES_ERROR;
				CLANG_WARN_DOCUMENTATION_COMMENTS = YES;
				CLANG_WARN_EMPTY_BODY = YES;
				CLANG_WARN_ENUM_CONVERSION = YES;
				CLANG_WARN_INFINITE_RECURSION = YES;
				CLANG_WARN_INT_CONVERSION = YES;
				CLANG_WARN_NON_LITERAL_NULL_CONVERSION = YES;
				CLANG_WARN_OBJC_LITERAL_CONVERSION = YES;
				CLANG_WARN_OBJC_ROOT_CLASS = YES_ERROR;
				CLANG_WARN_RANGE_LOOP_ANALYSIS = YES;
				CLANG_WARN_STRICT_PROTOTYPES = YES;
				CLANG_WARN_SUSPICIOUS_MOVE = YES;
				CLANG_WARN_UNGUARDED_AVAILABILITY = YES_AGGRESSIVE;
				CLANG_WARN_UNREACHABLE_CODE = YES;
				CLANG_WARN__DUPLICATE_METHOD_MATCH = YES;
				CODE_SIGN_IDENTITY = "iPhone Developer";
				COPY_PHASE_STRIP = NO;
				DEBUG_INFORMATION_FORMAT = "dwarf-with-dsym";
				ENABLE_NS_ASSERTIONS = NO;
				ENABLE_STRICT_OBJC_MSGSEND = YES;
				GCC_C_LANGUAGE_STANDARD = gnu11;
				GCC_NO_COMMON_BLOCKS = YES;
				GCC_WARN_64_TO_32_BIT_CONVERSION = YES;
				GCC_WARN_ABOUT_RETURN_TYPE = YES_ERROR;
				GCC_WARN_UNDECLARED_SELECTOR = YES;
				GCC_WARN_UNINITIALIZED_AUTOS = YES_AGGRESSIVE;
				GCC_WARN_UNUSED_FUNCTION = YES;
				GCC_WARN_UNUSED_VARIABLE = YES;
				IPHONEOS_DEPLOYMENT_TARGET = 11.2;
				MTL_ENABLE_DEBUG_INFO = NO;
				SDKROOT = iphoneos;
				SWIFT_OPTIMIZATION_LEVEL = "-Owholemodule";
				VALIDATE_PRODUCT = YES;
			};
			name = Release;
		};
		52215B622007F6CF0002CEE2 /* Debug */ = {
			isa = XCBuildConfiguration;
			buildSettings = {
				ASSETCATALOG_COMPILER_APPICON_NAME = AppIcon;
				CODE_SIGN_STYLE = Automatic;
				DEVELOPMENT_TEAM = J2V52A5H64;
				INFOPLIST_FILE = vkclient/Info.plist;
				LD_RUNPATH_SEARCH_PATHS = "$(inherited) @executable_path/Frameworks";
				PRODUCT_BUNDLE_IDENTIFIER = ru.mif.vkclient;
				PRODUCT_NAME = "$(TARGET_NAME)";
				SWIFT_VERSION = 4.0;
				TARGETED_DEVICE_FAMILY = "1,2";
			};
			name = Debug;
		};
		52215B632007F6CF0002CEE2 /* Release */ = {
			isa = XCBuildConfiguration;
			buildSettings = {
				ASSETCATALOG_COMPILER_APPICON_NAME = AppIcon;
				CODE_SIGN_STYLE = Automatic;
				DEVELOPMENT_TEAM = J2V52A5H64;
				INFOPLIST_FILE = vkclient/Info.plist;
				LD_RUNPATH_SEARCH_PATHS = "$(inherited) @executable_path/Frameworks";
				PRODUCT_BUNDLE_IDENTIFIER = ru.mif.vkclient;
				PRODUCT_NAME = "$(TARGET_NAME)";
				SWIFT_VERSION = 4.0;
				TARGETED_DEVICE_FAMILY = "1,2";
			};
			name = Release;
		};
/* End XCBuildConfiguration section */

/* Begin XCConfigurationList section */
		52215B4A2007F6CF0002CEE2 /* Build configuration list for PBXProject "vkclient" */ = {
			isa = XCConfigurationList;
			buildConfigurations = (
				52215B5F2007F6CF0002CEE2 /* Debug */,
				52215B602007F6CF0002CEE2 /* Release */,
			);
			defaultConfigurationIsVisible = 0;
			defaultConfigurationName = Release;
		};
		52215B612007F6CF0002CEE2 /* Build configuration list for PBXNativeTarget "vkclient" */ = {
			isa = XCConfigurationList;
			buildConfigurations = (
				52215B622007F6CF0002CEE2 /* Debug */,
				52215B632007F6CF0002CEE2 /* Release */,
			);
			defaultConfigurationIsVisible = 0;
			defaultConfigurationName = Release;
		};
/* End XCConfigurationList section */
	};
	rootObject = 52215B472007F6CF0002CEE2 /* Project object */;
}
