// !$*UTF8*$!
{
	archiveVersion = 1;
	classes = {
	};
	objectVersion = 48;
	objects = {

/* Begin PBXBuildFile section */
		5239BEBA1FEC545F00D5FBC4 /* AppDelegate.swift in Sources */ = {isa = PBXBuildFile; fileRef = 5239BEB91FEC545F00D5FBC4 /* AppDelegate.swift */; };
		5239BEBC1FEC545F00D5FBC4 /* LoginFormController.swift in Sources */ = {isa = PBXBuildFile; fileRef = 5239BEBB1FEC545F00D5FBC4 /* LoginFormController.swift */; };
		5239BEBF1FEC545F00D5FBC4 /* Main.storyboard in Resources */ = {isa = PBXBuildFile; fileRef = 5239BEBD1FEC545F00D5FBC4 /* Main.storyboard */; };
		5239BEC11FEC545F00D5FBC4 /* Assets.xcassets in Resources */ = {isa = PBXBuildFile; fileRef = 5239BEC01FEC545F00D5FBC4 /* Assets.xcassets */; };
		5239BEC41FEC545F00D5FBC4 /* LaunchScreen.storyboard in Resources */ = {isa = PBXBuildFile; fileRef = 5239BEC21FEC545F00D5FBC4 /* LaunchScreen.storyboard */; };
		527A048C1FFCD2E900366CD4 /* SelectedCitiesController.swift in Sources */ = {isa = PBXBuildFile; fileRef = 527A048B1FFCD2E900366CD4 /* SelectedCitiesController.swift */; };
		52B20A111FFCE5A40058EC3B /* WeatherInCityController.swift in Sources */ = {isa = PBXBuildFile; fileRef = 52B20A101FFCE5A40058EC3B /* WeatherInCityController.swift */; };
		52B20A131FFE0FDC0058EC3B /* AllCitiesController.swift in Sources */ = {isa = PBXBuildFile; fileRef = 52B20A121FFE0FDC0058EC3B /* AllCitiesController.swift */; };
		52B20A151FFE10DA0058EC3B /* AllCitiesCell.swift in Sources */ = {isa = PBXBuildFile; fileRef = 52B20A141FFE10DA0058EC3B /* AllCitiesCell.swift */; };
		7456A4CA2092218F001E84D1 /* WeatherInCityCell.swift in Sources */ = {isa = PBXBuildFile; fileRef = 7456A4C92092218F001E84D1 /* WeatherInCityCell.swift */; };
		74886CEF2091EA91008B7290 /* City.swift in Sources */ = {isa = PBXBuildFile; fileRef = 74886CEE2091EA91008B7290 /* City.swift */; };
		74886CF12091EECD008B7290 /* SelectedCitiesCell.swift in Sources */ = {isa = PBXBuildFile; fileRef = 74886CF02091EECD008B7290 /* SelectedCitiesCell.swift */; };
/* End PBXBuildFile section */

/* Begin PBXFileReference section */
		5239BEB61FEC545F00D5FBC4 /* weather.app */ = {isa = PBXFileReference; explicitFileType = wrapper.application; includeInIndex = 0; path = weather.app; sourceTree = BUILT_PRODUCTS_DIR; };
		5239BEB91FEC545F00D5FBC4 /* AppDelegate.swift */ = {isa = PBXFileReference; lastKnownFileType = sourcecode.swift; path = AppDelegate.swift; sourceTree = "<group>"; };
		5239BEBB1FEC545F00D5FBC4 /* LoginFormController.swift */ = {isa = PBXFileReference; lastKnownFileType = sourcecode.swift; path = LoginFormController.swift; sourceTree = "<group>"; };
		5239BEBE1FEC545F00D5FBC4 /* Base */ = {isa = PBXFileReference; lastKnownFileType = file.storyboard; name = Base; path = Base.lproj/Main.storyboard; sourceTree = "<group>"; };
		5239BEC01FEC545F00D5FBC4 /* Assets.xcassets */ = {isa = PBXFileReference; lastKnownFileType = folder.assetcatalog; path = Assets.xcassets; sourceTree = "<group>"; };
		5239BEC31FEC545F00D5FBC4 /* Base */ = {isa = PBXFileReference; lastKnownFileType = file.storyboard; name = Base; path = Base.lproj/LaunchScreen.storyboard; sourceTree = "<group>"; };
		5239BEC51FEC545F00D5FBC4 /* Info.plist */ = {isa = PBXFileReference; lastKnownFileType = text.plist.xml; path = Info.plist; sourceTree = "<group>"; };
		527A048B1FFCD2E900366CD4 /* SelectedCitiesController.swift */ = {isa = PBXFileReference; lastKnownFileType = sourcecode.swift; path = SelectedCitiesController.swift; sourceTree = "<group>"; };
		52B20A101FFCE5A40058EC3B /* WeatherInCityController.swift */ = {isa = PBXFileReference; lastKnownFileType = sourcecode.swift; path = WeatherInCityController.swift; sourceTree = "<group>"; };
		52B20A121FFE0FDC0058EC3B /* AllCitiesController.swift */ = {isa = PBXFileReference; lastKnownFileType = sourcecode.swift; path = AllCitiesController.swift; sourceTree = "<group>"; };
		52B20A141FFE10DA0058EC3B /* AllCitiesCell.swift */ = {isa = PBXFileReference; lastKnownFileType = sourcecode.swift; path = AllCitiesCell.swift; sourceTree = "<group>"; };
		7456A4C92092218F001E84D1 /* WeatherInCityCell.swift */ = {isa = PBXFileReference; lastKnownFileType = sourcecode.swift; path = WeatherInCityCell.swift; sourceTree = "<group>"; };
		74886CEE2091EA91008B7290 /* City.swift */ = {isa = PBXFileReference; lastKnownFileType = sourcecode.swift; path = City.swift; sourceTree = "<group>"; };
		74886CF02091EECD008B7290 /* SelectedCitiesCell.swift */ = {isa = PBXFileReference; lastKnownFileType = sourcecode.swift; path = SelectedCitiesCell.swift; sourceTree = "<group>"; };
/* End PBXFileReference section */

/* Begin PBXFrameworksBuildPhase section */
		5239BEB31FEC545F00D5FBC4 /* Frameworks */ = {
			isa = PBXFrameworksBuildPhase;
			buildActionMask = 2147483647;
			files = (
			);
			runOnlyForDeploymentPostprocessing = 0;
		};
/* End PBXFrameworksBuildPhase section */

/* Begin PBXGroup section */
		5239BEAD1FEC545F00D5FBC4 = {
			isa = PBXGroup;
			children = (
				5239BEB81FEC545F00D5FBC4 /* weather */,
				5239BEB71FEC545F00D5FBC4 /* Products */,
			);
			sourceTree = "<group>";
		};
		5239BEB71FEC545F00D5FBC4 /* Products */ = {
			isa = PBXGroup;
			children = (
				5239BEB61FEC545F00D5FBC4 /* weather.app */,
			);
			name = Products;
			sourceTree = "<group>";
		};
		5239BEB81FEC545F00D5FBC4 /* weather */ = {
			isa = PBXGroup;
			children = (
				74886CE32091D18D008B7290 /* controller */,
				74886CE22091D188008B7290 /* view */,
				74886CE12091D181008B7290 /* model */,
				5239BEB91FEC545F00D5FBC4 /* AppDelegate.swift */,
				5239BEC01FEC545F00D5FBC4 /* Assets.xcassets */,
				5239BEC51FEC545F00D5FBC4 /* Info.plist */,
			);
			path = weather;
			sourceTree = "<group>";
		};
		74886CE12091D181008B7290 /* model */ = {
			isa = PBXGroup;
			children = (
				74886CEE2091EA91008B7290 /* City.swift */,
			);
			path = model;
			sourceTree = "<group>";
		};
		74886CE22091D188008B7290 /* view */ = {
			isa = PBXGroup;
			children = (
				52B20A141FFE10DA0058EC3B /* AllCitiesCell.swift */,
				5239BEC21FEC545F00D5FBC4 /* LaunchScreen.storyboard */,
				5239BEBD1FEC545F00D5FBC4 /* Main.storyboard */,
				74886CF02091EECD008B7290 /* SelectedCitiesCell.swift */,
				7456A4C92092218F001E84D1 /* WeatherInCityCell.swift */,
			);
			path = view;
			sourceTree = "<group>";
		};
		74886CE32091D18D008B7290 /* controller */ = {
			isa = PBXGroup;
			children = (
				527A048B1FFCD2E900366CD4 /* SelectedCitiesController.swift */,
				52B20A101FFCE5A40058EC3B /* WeatherInCityController.swift */,
				52B20A121FFE0FDC0058EC3B /* AllCitiesController.swift */,
				5239BEBB1FEC545F00D5FBC4 /* LoginFormController.swift */,
			);
			path = controller;
			sourceTree = "<group>";
		};
/* End PBXGroup section */

/* Begin PBXNativeTarget section */
		5239BEB51FEC545F00D5FBC4 /* weather */ = {
			isa = PBXNativeTarget;
			buildConfigurationList = 5239BEC81FEC545F00D5FBC4 /* Build configuration list for PBXNativeTarget "weather" */;
			buildPhases = (
				5239BEB21FEC545F00D5FBC4 /* Sources */,
				5239BEB31FEC545F00D5FBC4 /* Frameworks */,
				5239BEB41FEC545F00D5FBC4 /* Resources */,
			);
			buildRules = (
			);
			dependencies = (
			);
			name = weather;
			productName = weather;
			productReference = 5239BEB61FEC545F00D5FBC4 /* weather.app */;
			productType = "com.apple.product-type.application";
		};
/* End PBXNativeTarget section */

/* Begin PBXProject section */
		5239BEAE1FEC545F00D5FBC4 /* Project object */ = {
			isa = PBXProject;
			attributes = {
				LastSwiftUpdateCheck = 0920;
				LastUpgradeCheck = 0920;
				ORGANIZATIONNAME = mif;
				TargetAttributes = {
					5239BEB51FEC545F00D5FBC4 = {
						CreatedOnToolsVersion = 9.2;
						ProvisioningStyle = Automatic;
					};
				};
			};
			buildConfigurationList = 5239BEB11FEC545F00D5FBC4 /* Build configuration list for PBXProject "weather" */;
			compatibilityVersion = "Xcode 8.0";
			developmentRegion = en;
			hasScannedForEncodings = 0;
			knownRegions = (
				en,
				Base,
			);
			mainGroup = 5239BEAD1FEC545F00D5FBC4;
			productRefGroup = 5239BEB71FEC545F00D5FBC4 /* Products */;
			projectDirPath = "";
			projectRoot = "";
			targets = (
				5239BEB51FEC545F00D5FBC4 /* weather */,
			);
		};
/* End PBXProject section */

/* Begin PBXResourcesBuildPhase section */
		5239BEB41FEC545F00D5FBC4 /* Resources */ = {
			isa = PBXResourcesBuildPhase;
			buildActionMask = 2147483647;
			files = (
				5239BEC41FEC545F00D5FBC4 /* LaunchScreen.storyboard in Resources */,
				5239BEC11FEC545F00D5FBC4 /* Assets.xcassets in Resources */,
				5239BEBF1FEC545F00D5FBC4 /* Main.storyboard in Resources */,
			);
			runOnlyForDeploymentPostprocessing = 0;
		};
/* End PBXResourcesBuildPhase section */

/* Begin PBXSourcesBuildPhase section */
		5239BEB21FEC545F00D5FBC4 /* Sources */ = {
			isa = PBXSourcesBuildPhase;
			buildActionMask = 2147483647;
			files = (
				52B20A151FFE10DA0058EC3B /* AllCitiesCell.swift in Sources */,
				52B20A111FFCE5A40058EC3B /* WeatherInCityController.swift in Sources */,
				5239BEBC1FEC545F00D5FBC4 /* LoginFormController.swift in Sources */,
				52B20A131FFE0FDC0058EC3B /* AllCitiesController.swift in Sources */,
				527A048C1FFCD2E900366CD4 /* SelectedCitiesController.swift in Sources */,
				74886CF12091EECD008B7290 /* SelectedCitiesCell.swift in Sources */,
				5239BEBA1FEC545F00D5FBC4 /* AppDelegate.swift in Sources */,
				74886CEF2091EA91008B7290 /* City.swift in Sources */,
				7456A4CA2092218F001E84D1 /* WeatherInCityCell.swift in Sources */,
			);
			runOnlyForDeploymentPostprocessing = 0;
		};
/* End PBXSourcesBuildPhase section */

/* Begin PBXVariantGroup section */
		5239BEBD1FEC545F00D5FBC4 /* Main.storyboard */ = {
			isa = PBXVariantGroup;
			children = (
				5239BEBE1FEC545F00D5FBC4 /* Base */,
			);
			name = Main.storyboard;
			sourceTree = "<group>";
		};
		5239BEC21FEC545F00D5FBC4 /* LaunchScreen.storyboard */ = {
			isa = PBXVariantGroup;
			children = (
				5239BEC31FEC545F00D5FBC4 /* Base */,
			);
			name = LaunchScreen.storyboard;
			sourceTree = "<group>";
		};
/* End PBXVariantGroup section */

/* Begin XCBuildConfiguration section */
		5239BEC61FEC545F00D5FBC4 /* Debug */ = {
			isa = XCBuildConfiguration;
			buildSettings = {
				ALWAYS_SEARCH_USER_PATHS = NO;
				CLANG_ANALYZER_NONNULL = YES;
				CLANG_ANALYZER_NUMBER_OBJECT_CONVERSION = YES_AGGRESSIVE;
				CLANG_CXX_LANGUAGE_STANDARD = "gnu++14";
				CLANG_CXX_LIBRARY = "libc++";
				CLANG_ENABLE_MODULES = YES;
				CLANG_ENABLE_OBJC_ARC = YES;
				CLANG_WARN_BLOCK_CAPTURE_AUTORELEASING = YES;
				CLANG_WARN_BOOL_CONVERSION = YES;
				CLANG_WARN_COMMA = YES;
				CLANG_WARN_CONSTANT_CONVERSION = YES;
				CLANG_WARN_DIRECT_OBJC_ISA_USAGE = YES_ERROR;
				CLANG_WARN_DOCUMENTATION_COMMENTS = YES;
				CLANG_WARN_EMPTY_BODY = YES;
				CLANG_WARN_ENUM_CONVERSION = YES;
				CLANG_WARN_INFINITE_RECURSION = YES;
				CLANG_WARN_INT_CONVERSION = YES;
				CLANG_WARN_NON_LITERAL_NULL_CONVERSION = YES;
				CLANG_WARN_OBJC_LITERAL_CONVERSION = YES;
				CLANG_WARN_OBJC_ROOT_CLASS = YES_ERROR;
				CLANG_WARN_RANGE_LOOP_ANALYSIS = YES;
				CLANG_WARN_STRICT_PROTOTYPES = YES;
				CLANG_WARN_SUSPICIOUS_MOVE = YES;
				CLANG_WARN_UNGUARDED_AVAILABILITY = YES_AGGRESSIVE;
				CLANG_WARN_UNREACHABLE_CODE = YES;
				CLANG_WARN__DUPLICATE_METHOD_MATCH = YES;
				CODE_SIGN_IDENTITY = "iPhone Developer";
				COPY_PHASE_STRIP = NO;
				DEBUG_INFORMATION_FORMAT = dwarf;
				ENABLE_STRICT_OBJC_MSGSEND = YES;
				ENABLE_TESTABILITY = YES;
				GCC_C_LANGUAGE_STANDARD = gnu11;
				GCC_DYNAMIC_NO_PIC = NO;
				GCC_NO_COMMON_BLOCKS = YES;
				GCC_OPTIMIZATION_LEVEL = 0;
				GCC_PREPROCESSOR_DEFINITIONS = (
					"DEBUG=1",
					"$(inherited)",
				);
				GCC_WARN_64_TO_32_BIT_CONVERSION = YES;
				GCC_WARN_ABOUT_RETURN_TYPE = YES_ERROR;
				GCC_WARN_UNDECLARED_SELECTOR = YES;
				GCC_WARN_UNINITIALIZED_AUTOS = YES_AGGRESSIVE;
				GCC_WARN_UNUSED_FUNCTION = YES;
				GCC_WARN_UNUSED_VARIABLE = YES;
				IPHONEOS_DEPLOYMENT_TARGET = 11.2;
				MTL_ENABLE_DEBUG_INFO = YES;
				ONLY_ACTIVE_ARCH = YES;
				SDKROOT = iphoneos;
				SWIFT_ACTIVE_COMPILATION_CONDITIONS = DEBUG;
				SWIFT_OPTIMIZATION_LEVEL = "-Onone";
			};
			name = Debug;
		};
		5239BEC71FEC545F00D5FBC4 /* Release */ = {
			isa = XCBuildConfiguration;
			buildSettings = {
				ALWAYS_SEARCH_USER_PATHS = NO;
				CLANG_ANALYZER_NONNULL = YES;
				CLANG_ANALYZER_NUMBER_OBJECT_CONVERSION = YES_AGGRESSIVE;
				CLANG_CXX_LANGUAGE_STANDARD = "gnu++14";
				CLANG_CXX_LIBRARY = "libc++";
				CLANG_ENABLE_MODULES = YES;
				CLANG_ENABLE_OBJC_ARC = YES;
				CLANG_WARN_BLOCK_CAPTURE_AUTORELEASING = YES;
				CLANG_WARN_BOOL_CONVERSION = YES;
				CLANG_WARN_COMMA = YES;
				CLANG_WARN_CONSTANT_CONVERSION = YES;
				CLANG_WARN_DIRECT_OBJC_ISA_USAGE = YES_ERROR;
				CLANG_WARN_DOCUMENTATION_COMMENTS = YES;
				CLANG_WARN_EMPTY_BODY = YES;
				CLANG_WARN_ENUM_CONVERSION = YES;
				CLANG_WARN_INFINITE_RECURSION = YES;
				CLANG_WARN_INT_CONVERSION = YES;
				CLANG_WARN_NON_LITERAL_NULL_CONVERSION = YES;
				CLANG_WARN_OBJC_LITERAL_CONVERSION = YES;
				CLANG_WARN_OBJC_ROOT_CLASS = YES_ERROR;
				CLANG_WARN_RANGE_LOOP_ANALYSIS = YES;
				CLANG_WARN_STRICT_PROTOTYPES = YES;
				CLANG_WARN_SUSPICIOUS_MOVE = YES;
				CLANG_WARN_UNGUARDED_AVAILABILITY = YES_AGGRESSIVE;
				CLANG_WARN_UNREACHABLE_CODE = YES;
				CLANG_WARN__DUPLICATE_METHOD_MATCH = YES;
				CODE_SIGN_IDENTITY = "iPhone Developer";
				COPY_PHASE_STRIP = NO;
				DEBUG_INFORMATION_FORMAT = "dwarf-with-dsym";
				ENABLE_NS_ASSERTIONS = NO;
				ENABLE_STRICT_OBJC_MSGSEND = YES;
				GCC_C_LANGUAGE_STANDARD = gnu11;
				GCC_NO_COMMON_BLOCKS = YES;
				GCC_WARN_64_TO_32_BIT_CONVERSION = YES;
				GCC_WARN_ABOUT_RETURN_TYPE = YES_ERROR;
				GCC_WARN_UNDECLARED_SELECTOR = YES;
				GCC_WARN_UNINITIALIZED_AUTOS = YES_AGGRESSIVE;
				GCC_WARN_UNUSED_FUNCTION = YES;
				GCC_WARN_UNUSED_VARIABLE = YES;
				IPHONEOS_DEPLOYMENT_TARGET = 11.2;
				MTL_ENABLE_DEBUG_INFO = NO;
				SDKROOT = iphoneos;
				SWIFT_OPTIMIZATION_LEVEL = "-Owholemodule";
				VALIDATE_PRODUCT = YES;
			};
			name = Release;
		};
		5239BEC91FEC545F00D5FBC4 /* Debug */ = {
			isa = XCBuildConfiguration;
			buildSettings = {
				ASSETCATALOG_COMPILER_APPICON_NAME = AppIcon;
				CODE_SIGN_STYLE = Automatic;
				DEVELOPMENT_TEAM = J2V52A5H64;
				INFOPLIST_FILE = weather/Info.plist;
				LD_RUNPATH_SEARCH_PATHS = "$(inherited) @executable_path/Frameworks";
				PRODUCT_BUNDLE_IDENTIFIER = ru.mif.weather;
				PRODUCT_NAME = "$(TARGET_NAME)";
				SWIFT_VERSION = 4.0;
				TARGETED_DEVICE_FAMILY = "1,2";
			};
			name = Debug;
		};
		5239BECA1FEC545F00D5FBC4 /* Release */ = {
			isa = XCBuildConfiguration;
			buildSettings = {
				ASSETCATALOG_COMPILER_APPICON_NAME = AppIcon;
				CODE_SIGN_STYLE = Automatic;
				DEVELOPMENT_TEAM = J2V52A5H64;
				INFOPLIST_FILE = weather/Info.plist;
				LD_RUNPATH_SEARCH_PATHS = "$(inherited) @executable_path/Frameworks";
				PRODUCT_BUNDLE_IDENTIFIER = ru.mif.weather;
				PRODUCT_NAME = "$(TARGET_NAME)";
				SWIFT_VERSION = 4.0;
				TARGETED_DEVICE_FAMILY = "1,2";
			};
			name = Release;
		};
/* End XCBuildConfiguration section */

/* Begin XCConfigurationList section */
		5239BEB11FEC545F00D5FBC4 /* Build configuration list for PBXProject "weather" */ = {
			isa = XCConfigurationList;
			buildConfigurations = (
				5239BEC61FEC545F00D5FBC4 /* Debug */,
				5239BEC71FEC545F00D5FBC4 /* Release */,
			);
			defaultConfigurationIsVisible = 0;
			defaultConfigurationName = Release;
		};
		5239BEC81FEC545F00D5FBC4 /* Build configuration list for PBXNativeTarget "weather" */ = {
			isa = XCConfigurationList;
			buildConfigurations = (
				5239BEC91FEC545F00D5FBC4 /* Debug */,
				5239BECA1FEC545F00D5FBC4 /* Release */,
			);
			defaultConfigurationIsVisible = 0;
			defaultConfigurationName = Release;
		};
/* End XCConfigurationList section */
	};
	rootObject = 5239BEAE1FEC545F00D5FBC4 /* Project object */;
}
